
Microsoft Visual Studio Solution File, Format Version 12.00
# Visual Studio Version 16
VisualStudioVersion = 16.0.31702.278
MinimumVisualStudioVersion = 10.0.40219.1
Project("{9A19103F-16F7-4668-BE54-9A1E7A4F7556}") = "Modulo 2 Crear el area de un triangulo", "Modulo 2 Crear el area de un triangulo\Modulo 2 Crear el area de un triangulo.csproj", "{E4447637-A235-4F6E-9F99-D94DAF7D41A0}"
EndProject
Project("{9A19103F-16F7-4668-BE54-9A1E7A4F7556}") = "Modulo 4 Invertir palabra", "..\Modulo 4 Invertir palabra\Modulo 4 Invertir palabra\Modulo 4 Invertir palabra.csproj", "{AED8829A-6E82-4297-9E43-B72F9F2416A1}"
EndProject
Global
	GlobalSection(SolutionConfigurationPlatforms) = preSolution
		Debug|Any CPU = Debug|Any CPU
		Release|Any CPU = Release|Any CPU
	EndGlobalSection
	GlobalSection(ProjectConfigurationPlatforms) = postSolution
		{E4447637-A235-4F6E-9F99-D94DAF7D41A0}.Debug|Any CPU.ActiveCfg = Debug|Any CPU
		{E4447637-A235-4F6E-9F99-D94DAF7D41A0}.Debug|Any CPU.Build.0 = Debug|Any CPU
		{E4447637-A235-4F6E-9F99-D94DAF7D41A0}.Release|Any CPU.ActiveCfg = Release|Any CPU
		{E4447637-A235-4F6E-9F99-D94DAF7D41A0}.Release|Any CPU.Build.0 = Release|Any CPU
		{AED8829A-6E82-4297-9E43-B72F9F2416A1}.Debug|Any CPU.ActiveCfg = Debug|Any CPU
		{AED8829A-6E82-4297-9E43-B72F9F2416A1}.Debug|Any CPU.Build.0 = Debug|Any CPU
		{AED8829A-6E82-4297-9E43-B72F9F2416A1}.Release|Any CPU.ActiveCfg = Release|Any CPU
		{AED8829A-6E82-4297-9E43-B72F9F2416A1}.Release|Any CPU.Build.0 = Release|Any CPU
	EndGlobalSection
	GlobalSection(SolutionProperties) = preSolution
		HideSolutionNode = FALSE
	EndGlobalSection
	GlobalSection(ExtensibilityGlobals) = postSolution
		SolutionGuid = {4B1779ED-DDAC-4898-903F-F4A3D4D3764A}
	EndGlobalSection
EndGlobal
